Microsoft Visual Studio Solution File, Format Version 12.00
# Visual Studio Version 17
VisualStudioVersion = 17.5.2.0
MinimumVisualStudioVersion = 10.0.40219.1
Project("{FAE04EC0-301F-11D3-BF4B-00C04F79EFBC}") = "CafeWebsite", "CafeWebsite.csproj", "{3088EA8E-FEDE-74B8-C04A-A1B5408A198B}"
EndProject
Global
	GlobalSection(SolutionConfigurationPlatforms) = preSolution
		Debug|Any CPU = Debug|Any CPU
		Release|Any CPU = Release|Any CPU
	EndGlobalSection
	GlobalSection(ProjectConfigurationPlatforms) = postSolution
		{3088EA8E-FEDE-74B8-C04A-A1B5408A198B}.Debug|Any CPU.ActiveCfg = Debug|Any CPU
		{3088EA8E-FEDE-74B8-C04A-A1B5408A198B}.Debug|Any CPU.Build.0 = Debug|Any CPU
		{3088EA8E-FEDE-74B8-C04A-A1B5408A198B}.Release|Any CPU.ActiveCfg = Release|Any CPU
		{3088EA8E-FEDE-74B8-C04A-A1B5408A198B}.Release|Any CPU.Build.0 = Release|Any CPU
	EndGlobalSection
	GlobalSection(SolutionProperties) = preSolution
		HideSolutionNode = FALSE
	EndGlobalSection
	GlobalSection(ExtensibilityGlobals) = postSolution
		SolutionGuid = {D7450FCB-8934-4139-8BF2-D2665EE3D741}
	EndGlobalSection
EndGlobal
